PODS:
  - Alamofire (4.7.0)
  - Bugly (2.5.0)
  - FSCalendar (2.7.9)
  - Realm (3.1.1):
    - Realm/Headers (= 3.1.1)
  - Realm/Headers (3.1.1)
  - RealmSwift (3.1.1):
    - Realm (= 3.1.1)
  - SDWebImage (4.3.2):
    - SDWebImage/Core (= 4.3.2)
  - SDWebImage/Core (4.3.2)
  - SnapKit (3.2.0)
  - SwiftyJSON (4.0.0)

DEPENDENCIES:
  - Alamofire
  - Bugly
  - FSCalendar
  - RealmSwift
  - SDWebImage
  - SnapKit (~> 3.2.0)
  - SwiftyJSON

SPEC CHECKSUMS:
  Alamofire: 907e0a98eb68cdb7f9d1f541a563d6ac5dc77b25
  Bugly: 3ca9f255c01025582df26f9222893b383c7e4b4e
  FSCalendar: a04b09f16f811bc92e82f3cf852a15225233b9d5
  Realm: 42d1c38a5b1bbcc828b48a7ce702cb86fc68adf4
  RealmSwift: d31937ca6a6ee54acde64ec839523c0a3c04924b
  SDWebImage: 29bd3c0bc1f01e5eb59720847c64ad4c4ca1af5d
  SnapKit: 1ca44df72cfa543218d177cb8aab029d10d86ea7
  SwiftyJSON: 070dabdcb1beb81b247c65ffa3a79dbbfb3b48aa

PODFILE CHECKSUM: ec5a052b48638c301f2166cba7fff927872a36b5

COCOAPODS: 1.4.0
