PODS:
  - Alamofire (4.5.1)
  - Bugly (2.4.8)
  - FSCalendar (2.7.9)
  - Realm (2.10.0):
    - Realm/Headers (= 2.10.0)
  - Realm/Headers (2.10.0)
  - RealmSwift (2.10.0):
    - Realm (= 2.10.0)
  - SDWebImage (4.1.0):
    - SDWebImage/Core (= 4.1.0)
  - SDWebImage/Core (4.1.0)
  - SnapKit (3.2.0)
  - SwiftyJSON (3.1.4)

DEPENDENCIES:
  - Alamofire
  - Bugly
  - FSCalendar
  - RealmSwift
  - SDWebImage
  - SnapKit
  - SwiftyJSON

SPEC CHECKSUMS:
  Alamofire: 2d95912bf4c34f164fdfc335872e8c312acaea4a
  Bugly: da3c02408c14838d498429320545a8e439392978
  FSCalendar: a04b09f16f811bc92e82f3cf852a15225233b9d5
  Realm: 98b3a25643cf6b3e07d2b99fb43fe0eb9c801dec
  RealmSwift: 34073ad3a31232bbaf7c0db898c037940284cba2
  SDWebImage: 0e435c14e402a6730315a0fb79f95e68654d55a4
  SnapKit: 1ca44df72cfa543218d177cb8aab029d10d86ea7
  SwiftyJSON: c2842d878f95482ffceec5709abc3d05680c0220

PODFILE CHECKSUM: 68a2c0f87a1a4859facd187a5d4aca20ff63db73

COCOAPODS: 1.2.1
