// !$*UTF8*$!
{
	archiveVersion = 1;
	classes = {
	};
	objectVersion = 46;
	objects = {

/* Begin PBXBuildFile section */
		EA15CE891F5D9C0E001E4288 /* Pods_MyHarvest.framework in Frameworks */ = {isa = PBXBuildFile; fileRef = 788030A41EC6C9ACC3A23F21 /* Pods_MyHarvest.framework */; };
		EA2A6B681F5AFE1D007F533E /* AppDelegate.swift in Sources */ = {isa = PBXBuildFile; fileRef = EA2A6B671F5AFE1D007F533E /* AppDelegate.swift */; };
		EA2A6B6D1F5AFE1D007F533E /* Main.storyboard in Resources */ = {isa = PBXBuildFile; fileRef = EA2A6B6B1F5AFE1D007F533E /* Main.storyboard */; };
		EA2A6B6F1F5AFE1D007F533E /* Assets.xcassets in Resources */ = {isa = PBXBuildFile; fileRef = EA2A6B6E1F5AFE1D007F533E /* Assets.xcassets */; };
		EA2A6B721F5AFE1D007F533E /* LaunchScreen.storyboard in Resources */ = {isa = PBXBuildFile; fileRef = EA2A6B701F5AFE1D007F533E /* LaunchScreen.storyboard */; };
		EA3029891F5EF41F00B07596 /* MHBaseViewController.swift in Sources */ = {isa = PBXBuildFile; fileRef = EA3029881F5EF41F00B07596 /* MHBaseViewController.swift */; };
		EA30298F1F5EF5B800B07596 /* MHMineViewController.swift in Sources */ = {isa = PBXBuildFile; fileRef = EA30298E1F5EF5B800B07596 /* MHMineViewController.swift */; };
		EA3029911F5EF8D800B07596 /* MHLoginViewController.swift in Sources */ = {isa = PBXBuildFile; fileRef = EA3029901F5EF8D800B07596 /* MHLoginViewController.swift */; };
		EA3029931F5EF8E000B07596 /* MHHomeViewController.swift in Sources */ = {isa = PBXBuildFile; fileRef = EA3029921F5EF8E000B07596 /* MHHomeViewController.swift */; };
/* End PBXBuildFile section */

/* Begin PBXFileReference section */
		6AA598D6289906E59E0BBD4F /* Pods-MyHarvest.debug.xcconfig */ = {isa = PBXFileReference; includeInIndex = 1; lastKnownFileType = text.xcconfig; name = "Pods-MyHarvest.debug.xcconfig"; path = "Pods/Target Support Files/Pods-MyHarvest/Pods-MyHarvest.debug.xcconfig"; sourceTree = "<group>"; };
		788030A41EC6C9ACC3A23F21 /* Pods_MyHarvest.framework */ = {isa = PBXFileReference; explicitFileType = wrapper.framework; includeInIndex = 0; path = Pods_MyHarvest.framework; sourceTree = BUILT_PRODUCTS_DIR; };
		AB09DB4D41DA609490C2BB3F /* Pods-MyHarvest.release.xcconfig */ = {isa = PBXFileReference; includeInIndex = 1; lastKnownFileType = text.xcconfig; name = "Pods-MyHarvest.release.xcconfig"; path = "Pods/Target Support Files/Pods-MyHarvest/Pods-MyHarvest.release.xcconfig"; sourceTree = "<group>"; };
		EA15CE871F5D9BAD001E4288 /* SDWebImage.framework */ = {isa = PBXFileReference; lastKnownFileType = wrapper.framework; name = SDWebImage.framework; path = "../../../../Library/Developer/Xcode/DerivedData/MyHarvest-apbwbknnxnxrllggztmrounkcraf/Build/Products/Debug-iphoneos/SDWebImage/SDWebImage.framework"; sourceTree = "<group>"; };
		EA2A6B641F5AFE1D007F533E /* MyHarvest.app */ = {isa = PBXFileReference; explicitFileType = wrapper.application; includeInIndex = 0; path = MyHarvest.app; sourceTree = BUILT_PRODUCTS_DIR; };
		EA2A6B671F5AFE1D007F533E /* AppDelegate.swift */ = {isa = PBXFileReference; lastKnownFileType = sourcecode.swift; path = AppDelegate.swift; sourceTree = "<group>"; };
		EA2A6B6C1F5AFE1D007F533E /* Base */ = {isa = PBXFileReference; lastKnownFileType = file.storyboard; name = Base; path = Base.lproj/Main.storyboard; sourceTree = "<group>"; };
		EA2A6B6E1F5AFE1D007F533E /* Assets.xcassets */ = {isa = PBXFileReference; lastKnownFileType = folder.assetcatalog; path = Assets.xcassets; sourceTree = "<group>"; };
		EA2A6B711F5AFE1D007F533E /* Base */ = {isa = PBXFileReference; lastKnownFileType = file.storyboard; name = Base; path = Base.lproj/LaunchScreen.storyboard; sourceTree = "<group>"; };
		EA2A6B731F5AFE1D007F533E /* Info.plist */ = {isa = PBXFileReference; lastKnownFileType = text.plist.xml; path = Info.plist; sourceTree = "<group>"; };
		EA3029881F5EF41F00B07596 /* MHBaseViewController.swift */ = {isa = PBXFileReference; lastKnownFileType = sourcecode.swift; path = MHBaseViewController.swift; sourceTree = "<group>"; };
		EA30298E1F5EF5B800B07596 /* MHMineViewController.swift */ = {isa = PBXFileReference; lastKnownFileType = sourcecode.swift; path = MHMineViewController.swift; sourceTree = "<group>"; };
		EA3029901F5EF8D800B07596 /* MHLoginViewController.swift */ = {isa = PBXFileReference; lastKnownFileType = sourcecode.swift; path = MHLoginViewController.swift; sourceTree = "<group>"; };
		EA3029921F5EF8E000B07596 /* MHHomeViewController.swift */ = {isa = PBXFileReference; lastKnownFileType = sourcecode.swift; path = MHHomeViewController.swift; sourceTree = "<group>"; };
		EA4B85E51F5C45D300739761 /* MyHarvest-Bridging-Header.h */ = {isa = PBXFileReference; lastKnownFileType = sourcecode.c.h; path = "MyHarvest-Bridging-Header.h"; sourceTree = "<group>"; };
		EA4B85E91F5C47B200739761 /* PrefixHeader.pch */ = {isa = PBXFileReference; lastKnownFileType = sourcecode.c.h; path = PrefixHeader.pch; sourceTree = "<group>"; };
		EA552C7E1F5D927800FF51A0 /* SDWebImage.framework */ = {isa = PBXFileReference; lastKnownFileType = wrapper.framework; name = SDWebImage.framework; path = "../../../../Library/Developer/Xcode/DerivedData/MyHarvest-apbwbknnxnxrllggztmrounkcraf/Build/Products/Debug-iphonesimulator/SDWebImage/SDWebImage.framework"; sourceTree = "<group>"; };
/* End PBXFileReference section */

/* Begin PBXFrameworksBuildPhase section */
		EA2A6B611F5AFE1D007F533E /* Frameworks */ = {
			isa = PBXFrameworksBuildPhase;
			buildActionMask = 2147483647;
			files = (
				EA15CE891F5D9C0E001E4288 /* Pods_MyHarvest.framework in Frameworks */,
			);
			runOnlyForDeploymentPostprocessing = 0;
		};
/* End PBXFrameworksBuildPhase section */

/* Begin PBXGroup section */
		69F8852370D3BF2AF6CB2E0A /* Pods */ = {
			isa = PBXGroup;
			children = (
				6AA598D6289906E59E0BBD4F /* Pods-MyHarvest.debug.xcconfig */,
				AB09DB4D41DA609490C2BB3F /* Pods-MyHarvest.release.xcconfig */,
			);
			name = Pods;
			sourceTree = "<group>";
		};
		CADC3C2E009D67B60BDD9235 /* Frameworks */ = {
			isa = PBXGroup;
			children = (
				EA15CE871F5D9BAD001E4288 /* SDWebImage.framework */,
				EA552C7E1F5D927800FF51A0 /* SDWebImage.framework */,
				788030A41EC6C9ACC3A23F21 /* Pods_MyHarvest.framework */,
			);
			name = Frameworks;
			sourceTree = "<group>";
		};
		EA2A6B5B1F5AFE1D007F533E = {
			isa = PBXGroup;
			children = (
				EA2A6B661F5AFE1D007F533E /* MyHarvest */,
				EA2A6B651F5AFE1D007F533E /* Products */,
				69F8852370D3BF2AF6CB2E0A /* Pods */,
				CADC3C2E009D67B60BDD9235 /* Frameworks */,
			);
			sourceTree = "<group>";
		};
		EA2A6B651F5AFE1D007F533E /* Products */ = {
			isa = PBXGroup;
			children = (
				EA2A6B641F5AFE1D007F533E /* MyHarvest.app */,
			);
			name = Products;
			sourceTree = "<group>";
		};
		EA2A6B661F5AFE1D007F533E /* MyHarvest */ = {
			isa = PBXGroup;
			children = (
				EA4B85DB1F5B09BD00739761 /* Main */,
				EA4B85DD1F5B09D300739761 /* Expand */,
				EA4B85E01F5B0A4500739761 /* Resources */,
				EA4B85E11F5B0A4D00739761 /* Vendor */,
				EA4B85DC1F5B09C900739761 /* Config */,
				EA4B85DA1F5B096D00739761 /* Supporting Files */,
			);
			path = MyHarvest;
			sourceTree = "<group>";
		};
		EA3029801F5EF2CA00B07596 /* Base */ = {
			isa = PBXGroup;
			children = (
				EA3029841F5EF3C500B07596 /* BaseModel */,
				EA3029831F5EF2E200B07596 /* BaseService */,
				EA3029821F5EF2DC00B07596 /* BaseView */,
				EA3029811F5EF2D300B07596 /* BaseController */,
			);
			path = Base;
			sourceTree = "<group>";
		};
		EA3029811F5EF2D300B07596 /* BaseController */ = {
			isa = PBXGroup;
			children = (
				EA3029881F5EF41F00B07596 /* MHBaseViewController.swift */,
			);
			path = BaseController;
			sourceTree = "<group>";
		};
		EA3029821F5EF2DC00B07596 /* BaseView */ = {
			isa = PBXGroup;
			children = (
			);
			path = BaseView;
			sourceTree = "<group>";
		};
		EA3029831F5EF2E200B07596 /* BaseService */ = {
			isa = PBXGroup;
			children = (
			);
			path = BaseService;
			sourceTree = "<group>";
		};
		EA3029841F5EF3C500B07596 /* BaseModel */ = {
			isa = PBXGroup;
			children = (
			);
			path = BaseModel;
			sourceTree = "<group>";
		};
		EA30298A1F5EF43200B07596 /* Login */ = {
			isa = PBXGroup;
			children = (
				EA3029901F5EF8D800B07596 /* MHLoginViewController.swift */,
			);
			path = Login;
			sourceTree = "<group>";
		};
		EA30298B1F5EF43A00B07596 /* Home */ = {
			isa = PBXGroup;
			children = (
				EA3029921F5EF8E000B07596 /* MHHomeViewController.swift */,
			);
			path = Home;
			sourceTree = "<group>";
		};
		EA30298C1F5EF44600B07596 /* Public */ = {
			isa = PBXGroup;
			children = (
			);
			path = Public;
			sourceTree = "<group>";
		};
		EA30298D1F5EF57000B07596 /* Mine */ = {
			isa = PBXGroup;
			children = (
				EA30298E1F5EF5B800B07596 /* MHMineViewController.swift */,
			);
			path = Mine;
			sourceTree = "<group>";
		};
		EA4B85DA1F5B096D00739761 /* Supporting Files */ = {
			isa = PBXGroup;
			children = (
				EA2A6B671F5AFE1D007F533E /* AppDelegate.swift */,
				EA2A6B6B1F5AFE1D007F533E /* Main.storyboard */,
				EA2A6B6E1F5AFE1D007F533E /* Assets.xcassets */,
				EA2A6B701F5AFE1D007F533E /* LaunchScreen.storyboard */,
				EA2A6B731F5AFE1D007F533E /* Info.plist */,
				EA4B85E51F5C45D300739761 /* MyHarvest-Bridging-Header.h */,
				EA4B85E91F5C47B200739761 /* PrefixHeader.pch */,
			);
			name = "Supporting Files";
			sourceTree = "<group>";
		};
		EA4B85DB1F5B09BD00739761 /* Main */ = {
			isa = PBXGroup;
			children = (
				EA3029801F5EF2CA00B07596 /* Base */,
				EA30298C1F5EF44600B07596 /* Public */,
				EA30298D1F5EF57000B07596 /* Mine */,
				EA30298B1F5EF43A00B07596 /* Home */,
				EA30298A1F5EF43200B07596 /* Login */,
			);
			path = Main;
			sourceTree = "<group>";
		};
		EA4B85DC1F5B09C900739761 /* Config */ = {
			isa = PBXGroup;
			children = (
			);
			path = Config;
			sourceTree = "<group>";
		};
		EA4B85DD1F5B09D300739761 /* Expand */ = {
			isa = PBXGroup;
			children = (
			);
			path = Expand;
			sourceTree = "<group>";
		};
		EA4B85E01F5B0A4500739761 /* Resources */ = {
			isa = PBXGroup;
			children = (
			);
			path = Resources;
			sourceTree = "<group>";
		};
		EA4B85E11F5B0A4D00739761 /* Vendor */ = {
			isa = PBXGroup;
			children = (
			);
			path = Vendor;
			sourceTree = "<group>";
		};
/* End PBXGroup section */

/* Begin PBXNativeTarget section */
		EA2A6B631F5AFE1D007F533E /* MyHarvest */ = {
			isa = PBXNativeTarget;
			buildConfigurationList = EA2A6B761F5AFE1D007F533E /* Build configuration list for PBXNativeTarget "MyHarvest" */;
			buildPhases = (
				4782AAA2EAD314FD28E58883 /* [CP] Check Pods Manifest.lock */,
				EA2A6B601F5AFE1D007F533E /* Sources */,
				EA2A6B611F5AFE1D007F533E /* Frameworks */,
				EA2A6B621F5AFE1D007F533E /* Resources */,
				308B54F36DAA4A7E267A254D /* [CP] Embed Pods Frameworks */,
				41708B209BAEEC946B8CFF53 /* [CP] Copy Pods Resources */,
			);
			buildRules = (
			);
			dependencies = (
			);
			name = MyHarvest;
			productName = MyHarvest;
			productReference = EA2A6B641F5AFE1D007F533E /* MyHarvest.app */;
			productType = "com.apple.product-type.application";
		};
/* End PBXNativeTarget section */

/* Begin PBXProject section */
		EA2A6B5C1F5AFE1D007F533E /* Project object */ = {
			isa = PBXProject;
			attributes = {
				LastSwiftUpdateCheck = 0830;
				LastUpgradeCheck = 0830;
				ORGANIZATIONNAME = NiuYulong;
				TargetAttributes = {
					EA2A6B631F5AFE1D007F533E = {
						CreatedOnToolsVersion = 8.3.3;
						DevelopmentTeam = 27P38Y7966;
						LastSwiftMigration = 0900;
						ProvisioningStyle = Automatic;
					};
				};
			};
			buildConfigurationList = EA2A6B5F1F5AFE1D007F533E /* Build configuration list for PBXProject "MyHarvest" */;
			compatibilityVersion = "Xcode 3.2";
			developmentRegion = English;
			hasScannedForEncodings = 0;
			knownRegions = (
				en,
				Base,
			);
			mainGroup = EA2A6B5B1F5AFE1D007F533E;
			productRefGroup = EA2A6B651F5AFE1D007F533E /* Products */;
			projectDirPath = "";
			projectRoot = "";
			targets = (
				EA2A6B631F5AFE1D007F533E /* MyHarvest */,
			);
		};
/* End PBXProject section */

/* Begin PBXResourcesBuildPhase section */
		EA2A6B621F5AFE1D007F533E /* Resources */ = {
			isa = PBXResourcesBuildPhase;
			buildActionMask = 2147483647;
			files = (
				EA2A6B721F5AFE1D007F533E /* LaunchScreen.storyboard in Resources */,
				EA2A6B6F1F5AFE1D007F533E /* Assets.xcassets in Resources */,
				EA2A6B6D1F5AFE1D007F533E /* Main.storyboard in Resources */,
			);
			runOnlyForDeploymentPostprocessing = 0;
		};
/* End PBXResourcesBuildPhase section */

/* Begin PBXShellScriptBuildPhase section */
		308B54F36DAA4A7E267A254D /* [CP] Embed Pods Frameworks */ = {
			isa = PBXShellScriptBuildPhase;
			buildActionMask = 2147483647;
			files = (
			);
			inputPaths = (
			);
			name = "[CP] Embed Pods Frameworks";
			outputPaths = (
			);
			runOnlyForDeploymentPostprocessing = 0;
			shellPath = /bin/sh;
			shellScript = "\"${SRCROOT}/Pods/Target Support Files/Pods-MyHarvest/Pods-MyHarvest-frameworks.sh\"\n";
			showEnvVarsInLog = 0;
		};
		41708B209BAEEC946B8CFF53 /* [CP] Copy Pods Resources */ = {
			isa = PBXShellScriptBuildPhase;
			buildActionMask = 2147483647;
			files = (
			);
			inputPaths = (
			);
			name = "[CP] Copy Pods Resources";
			outputPaths = (
			);
			runOnlyForDeploymentPostprocessing = 0;
			shellPath = /bin/sh;
			shellScript = "\"${SRCROOT}/Pods/Target Support Files/Pods-MyHarvest/Pods-MyHarvest-resources.sh\"\n";
			showEnvVarsInLog = 0;
		};
		4782AAA2EAD314FD28E58883 /* [CP] Check Pods Manifest.lock */ = {
			isa = PBXShellScriptBuildPhase;
			buildActionMask = 2147483647;
			files = (
			);
			inputPaths = (
			);
			name = "[CP] Check Pods Manifest.lock";
			outputPaths = (
			);
			runOnlyForDeploymentPostprocessing = 0;
			shellPath = /bin/sh;
			shellScript = "diff \"${PODS_PODFILE_DIR_PATH}/Podfile.lock\" \"${PODS_ROOT}/Manifest.lock\" > /dev/null\nif [ $? != 0 ] ; then\n    # print error to STDERR\n    echo \"error: The sandbox is not in sync with the Podfile.lock. Run 'pod install' or update your CocoaPods installation.\" >&2\n    exit 1\nfi\n";
			showEnvVarsInLog = 0;
		};
/* End PBXShellScriptBuildPhase section */

/* Begin PBXSourcesBuildPhase section */
		EA2A6B601F5AFE1D007F533E /* Sources */ = {
			isa = PBXSourcesBuildPhase;
			buildActionMask = 2147483647;
			files = (
				EA2A6B681F5AFE1D007F533E /* AppDelegate.swift in Sources */,
				EA3029931F5EF8E000B07596 /* MHHomeViewController.swift in Sources */,
				EA3029911F5EF8D800B07596 /* MHLoginViewController.swift in Sources */,
				EA30298F1F5EF5B800B07596 /* MHMineViewController.swift in Sources */,
				EA3029891F5EF41F00B07596 /* MHBaseViewController.swift in Sources */,
			);
			runOnlyForDeploymentPostprocessing = 0;
		};
/* End PBXSourcesBuildPhase section */

/* Begin PBXVariantGroup section */
		EA2A6B6B1F5AFE1D007F533E /* Main.storyboard */ = {
			isa = PBXVariantGroup;
			children = (
				EA2A6B6C1F5AFE1D007F533E /* Base */,
			);
			name = Main.storyboard;
			sourceTree = "<group>";
		};
		EA2A6B701F5AFE1D007F533E /* LaunchScreen.storyboard */ = {
			isa = PBXVariantGroup;
			children = (
				EA2A6B711F5AFE1D007F533E /* Base */,
			);
			name = LaunchScreen.storyboard;
			sourceTree = "<group>";
		};
/* End PBXVariantGroup section */

/* Begin XCBuildConfiguration section */
		EA2A6B741F5AFE1D007F533E /* Debug */ = {
			isa = XCBuildConfiguration;
			buildSettings = {
				ALWAYS_SEARCH_USER_PATHS = NO;
				CLANG_ANALYZER_NONNULL = YES;
				CLANG_ANALYZER_NUMBER_OBJECT_CONVERSION = YES_AGGRESSIVE;
				CLANG_CXX_LANGUAGE_STANDARD = "gnu++0x";
				CLANG_CXX_LIBRARY = "libc++";
				CLANG_ENABLE_MODULES = YES;
				CLANG_ENABLE_OBJC_ARC = YES;
				CLANG_WARN_BOOL_CONVERSION = YES;
				CLANG_WARN_CONSTANT_CONVERSION = YES;
				CLANG_WARN_DIRECT_OBJC_ISA_USAGE = YES_ERROR;
				CLANG_WARN_DOCUMENTATION_COMMENTS = YES;
				CLANG_WARN_EMPTY_BODY = YES;
				CLANG_WARN_ENUM_CONVERSION = YES;
				CLANG_WARN_INFINITE_RECURSION = YES;
				CLANG_WARN_INT_CONVERSION = YES;
				CLANG_WARN_OBJC_ROOT_CLASS = YES_ERROR;
				CLANG_WARN_SUSPICIOUS_MOVE = YES;
				CLANG_WARN_UNREACHABLE_CODE = YES;
				CLANG_WARN__DUPLICATE_METHOD_MATCH = YES;
				"CODE_SIGN_IDENTITY[sdk=iphoneos*]" = "iPhone Developer";
				COPY_PHASE_STRIP = NO;
				DEBUG_INFORMATION_FORMAT = dwarf;
				ENABLE_STRICT_OBJC_MSGSEND = YES;
				ENABLE_TESTABILITY = YES;
				GCC_C_LANGUAGE_STANDARD = gnu99;
				GCC_DYNAMIC_NO_PIC = NO;
				GCC_NO_COMMON_BLOCKS = YES;
				GCC_OPTIMIZATION_LEVEL = 0;
				GCC_PREPROCESSOR_DEFINITIONS = (
					"DEBUG=1",
					"$(inherited)",
				);
				GCC_WARN_64_TO_32_BIT_CONVERSION = YES;
				GCC_WARN_ABOUT_RETURN_TYPE = YES_ERROR;
				GCC_WARN_UNDECLARED_SELECTOR = YES;
				GCC_WARN_UNINITIALIZED_AUTOS = YES_AGGRESSIVE;
				GCC_WARN_UNUSED_FUNCTION = YES;
				GCC_WARN_UNUSED_VARIABLE = YES;
				IPHONEOS_DEPLOYMENT_TARGET = 10.3;
				MTL_ENABLE_DEBUG_INFO = YES;
				ONLY_ACTIVE_ARCH = YES;
				SDKROOT = iphoneos;
				SWIFT_ACTIVE_COMPILATION_CONDITIONS = DEBUG;
				SWIFT_OBJC_BRIDGING_HEADER = "";
				SWIFT_OPTIMIZATION_LEVEL = "-Onone";
			};
			name = Debug;
		};
		EA2A6B751F5AFE1D007F533E /* Release */ = {
			isa = XCBuildConfiguration;
			buildSettings = {
				ALWAYS_SEARCH_USER_PATHS = NO;
				CLANG_ANALYZER_NONNULL = YES;
				CLANG_ANALYZER_NUMBER_OBJECT_CONVERSION = YES_AGGRESSIVE;
				CLANG_CXX_LANGUAGE_STANDARD = "gnu++0x";
				CLANG_CXX_LIBRARY = "libc++";
				CLANG_ENABLE_MODULES = YES;
				CLANG_ENABLE_OBJC_ARC = YES;
				CLANG_WARN_BOOL_CONVERSION = YES;
				CLANG_WARN_CONSTANT_CONVERSION = YES;
				CLANG_WARN_DIRECT_OBJC_ISA_USAGE = YES_ERROR;
				CLANG_WARN_DOCUMENTATION_COMMENTS = YES;
				CLANG_WARN_EMPTY_BODY = YES;
				CLANG_WARN_ENUM_CONVERSION = YES;
				CLANG_WARN_INFINITE_RECURSION = YES;
				CLANG_WARN_INT_CONVERSION = YES;
				CLANG_WARN_OBJC_ROOT_CLASS = YES_ERROR;
				CLANG_WARN_SUSPICIOUS_MOVE = YES;
				CLANG_WARN_UNREACHABLE_CODE = YES;
				CLANG_WARN__DUPLICATE_METHOD_MATCH = YES;
				"CODE_SIGN_IDENTITY[sdk=iphoneos*]" = "iPhone Developer";
				COPY_PHASE_STRIP = NO;
				DEBUG_INFORMATION_FORMAT = "dwarf-with-dsym";
				ENABLE_NS_ASSERTIONS = NO;
				ENABLE_STRICT_OBJC_MSGSEND = YES;
				GCC_C_LANGUAGE_STANDARD = gnu99;
				GCC_NO_COMMON_BLOCKS = YES;
				GCC_WARN_64_TO_32_BIT_CONVERSION = YES;
				GCC_WARN_ABOUT_RETURN_TYPE = YES_ERROR;
				GCC_WARN_UNDECLARED_SELECTOR = YES;
				GCC_WARN_UNINITIALIZED_AUTOS = YES_AGGRESSIVE;
				GCC_WARN_UNUSED_FUNCTION = YES;
				GCC_WARN_UNUSED_VARIABLE = YES;
				IPHONEOS_DEPLOYMENT_TARGET = 10.3;
				MTL_ENABLE_DEBUG_INFO = NO;
				SDKROOT = iphoneos;
				SWIFT_OBJC_BRIDGING_HEADER = "";
				SWIFT_OPTIMIZATION_LEVEL = "-Owholemodule";
				VALIDATE_PRODUCT = YES;
			};
			name = Release;
		};
		EA2A6B771F5AFE1D007F533E /* Debug */ = {
			isa = XCBuildConfiguration;
			baseConfigurationReference = 6AA598D6289906E59E0BBD4F /* Pods-MyHarvest.debug.xcconfig */;
			buildSettings = {
				ASSETCATALOG_COMPILER_APPICON_NAME = AppIcon;
				CLANG_ENABLE_MODULES = YES;
				DEVELOPMENT_TEAM = 27P38Y7966;
				GCC_PRECOMPILE_PREFIX_HEADER = NO;
				GCC_PREFIX_HEADER = "";
				INFOPLIST_FILE = MyHarvest/Info.plist;
				IPHONEOS_DEPLOYMENT_TARGET = 9.0;
				LD_RUNPATH_SEARCH_PATHS = "$(inherited) @executable_path/Frameworks";
				PRODUCT_BUNDLE_IDENTIFIER = nyl.MyHarvest;
				PRODUCT_NAME = "$(TARGET_NAME)";
				SWIFT_INCLUDE_PATHS = "";
				SWIFT_OBJC_BRIDGING_HEADER = "MyHarvest/MyHarvest-Bridging-Header.h";
				SWIFT_OPTIMIZATION_LEVEL = "-Onone";
				SWIFT_VERSION = 3.0;
				USER_HEADER_SEARCH_PATHS = "${PROJECT_DIR}/lib";
			};
			name = Debug;
		};
		EA2A6B781F5AFE1D007F533E /* Release */ = {
			isa = XCBuildConfiguration;
			baseConfigurationReference = AB09DB4D41DA609490C2BB3F /* Pods-MyHarvest.release.xcconfig */;
			buildSettings = {
				ASSETCATALOG_COMPILER_APPICON_NAME = AppIcon;
				CLANG_ENABLE_MODULES = YES;
				DEVELOPMENT_TEAM = 27P38Y7966;
				GCC_PRECOMPILE_PREFIX_HEADER = NO;
				GCC_PREFIX_HEADER = "";
				INFOPLIST_FILE = MyHarvest/Info.plist;
				IPHONEOS_DEPLOYMENT_TARGET = 9.0;
				LD_RUNPATH_SEARCH_PATHS = "$(inherited) @executable_path/Frameworks";
				PRODUCT_BUNDLE_IDENTIFIER = nyl.MyHarvest;
				PRODUCT_NAME = "$(TARGET_NAME)";
				SWIFT_INCLUDE_PATHS = "";
				SWIFT_OBJC_BRIDGING_HEADER = "MyHarvest/MyHarvest-Bridging-Header.h";
				SWIFT_VERSION = 3.0;
				USER_HEADER_SEARCH_PATHS = "${PROJECT_DIR}/lib";
			};
			name = Release;
		};
/* End XCBuildConfiguration section */

/* Begin XCConfigurationList section */
		EA2A6B5F1F5AFE1D007F533E /* Build configuration list for PBXProject "MyHarvest" */ = {
			isa = XCConfigurationList;
			buildConfigurations = (
				EA2A6B741F5AFE1D007F533E /* Debug */,
				EA2A6B751F5AFE1D007F533E /* Release */,
			);
			defaultConfigurationIsVisible = 0;
			defaultConfigurationName = Release;
		};
		EA2A6B761F5AFE1D007F533E /* Build configuration list for PBXNativeTarget "MyHarvest" */ = {
			isa = XCConfigurationList;
			buildConfigurations = (
				EA2A6B771F5AFE1D007F533E /* Debug */,
				EA2A6B781F5AFE1D007F533E /* Release */,
			);
			defaultConfigurationIsVisible = 0;
			defaultConfigurationName = Release;
		};
/* End XCConfigurationList section */
	};
	rootObject = EA2A6B5C1F5AFE1D007F533E /* Project object */;
}
